
Microsoft Visual Studio Solution File, Format Version 11.00
# Visual Studio 15
Project("{8BC9CEB8-8B4A-11D0-8D11-00A0C91BC942}") = "3d", "3d.vcxproj", "{1D749E03-7B80-41A5-B5B3-6D60F26C5B8C}"
EndProject
Project("{8BC9CEB8-8B4A-11D0-8D11-00A0C91BC942}") = "asyncio", "asyncio.vcxproj", "{CC6574A1-417D-49A4-AC39-5ED17FC8B848}"
EndProject
Project("{8BC9CEB8-8B4A-11D0-8D11-00A0C91BC942}") = "channel_groups", "channel_groups.vcxproj", "{37FA2A7D-1EFC-4F1A-A6C0-9762DB3E37F7}"
EndProject
Project("{8BC9CEB8-8B4A-11D0-8D11-00A0C91BC942}") = "convolution_reverb", "convolution_reverb.vcxproj", "{63017712-92AD-4256-8534-71260E9A1E6D}"
EndProject
Project("{8BC9CEB8-8B4A-11D0-8D11-00A0C91BC942}") = "dsp_custom", "dsp_custom.vcxproj", "{BF1FD958-136F-48FF-A28A-00730399354B}"
EndProject
Project("{8BC9CEB8-8B4A-11D0-8D11-00A0C91BC942}") = "dsp_effect_per_speaker", "dsp_effect_per_speaker.vcxproj", "{E322C307-C002-4862-B95B-C8EE49032A7F}"
EndProject
Project("{8BC9CEB8-8B4A-11D0-8D11-00A0C91BC942}") = "dsp_inspector", "dsp_inspector.vcxproj", "{F112F182-5D7F-47BB-8D7A-74C87B104539}"
EndProject
Project("{8BC9CEB8-8B4A-11D0-8D11-00A0C91BC942}") = "effects", "effects.vcxproj", "{A76797CE-7A1F-4F78-B309-B3BCFDB62579}"
EndProject
Project("{8BC9CEB8-8B4A-11D0-8D11-00A0C91BC942}") = "gapless_playback", "gapless_playback.vcxproj", "{D8939ACD-8CC7-437F-8192-0964A38D5CC3}"
EndProject
Project("{8BC9CEB8-8B4A-11D0-8D11-00A0C91BC942}") = "generate_tone", "generate_tone.vcxproj", "{BC16604A-2298-41FE-BD3F-FBA924897F77}"
EndProject
Project("{8BC9CEB8-8B4A-11D0-8D11-00A0C91BC942}") = "granular_synth", "granular_synth.vcxproj", "{347A36C8-B7D8-4008-BA82-B5BAB7C72CF3}"
EndProject
Project("{8BC9CEB8-8B4A-11D0-8D11-00A0C91BC942}") = "load_from_memory", "load_from_memory.vcxproj", "{6B616536-2301-44D3-9F44-546A712A7513}"
EndProject
Project("{8BC9CEB8-8B4A-11D0-8D11-00A0C91BC942}") = "multiple_speaker", "multiple_speaker.vcxproj", "{7101BC30-ABE6-4CDC-8C47-9CC6E35C3BC1}"
EndProject
Project("{8BC9CEB8-8B4A-11D0-8D11-00A0C91BC942}") = "multiple_system", "multiple_system.vcxproj", "{1959DD4B-D6BF-461E-B4A7-206476C74C9C}"
EndProject
Project("{8BC9CEB8-8B4A-11D0-8D11-00A0C91BC942}") = "net_stream", "net_stream.vcxproj", "{EF63CBC9-26F3-402A-94FF-81930D649704}"
EndProject
Project("{8BC9CEB8-8B4A-11D0-8D11-00A0C91BC942}") = "play_sound", "play_sound.vcxproj", "{F14353C3-8B39-49BB-BD6D-1856176BE08A}"
EndProject
Project("{8BC9CEB8-8B4A-11D0-8D11-00A0C91BC942}") = "play_stream", "play_stream.vcxproj", "{DD9AED7E-5D76-44DA-9F9C-1B72FE176AA7}"
EndProject
Project("{8BC9CEB8-8B4A-11D0-8D11-00A0C91BC942}") = "record", "record.vcxproj", "{006AFE6A-4950-4169-8791-B097A8EB4A08}"
EndProject
Project("{8BC9CEB8-8B4A-11D0-8D11-00A0C91BC942}") = "record_enumeration", "record_enumeration.vcxproj", "{92B8307A-D6D5-4952-BB33-4AFCB6933C18}"
EndProject
Project("{8BC9CEB8-8B4A-11D0-8D11-00A0C91BC942}") = "user_created_sound", "user_created_sound.vcxproj", "{1B2D1E48-F6AE-4378-AE2A-C7C12F8CB551}"
EndProject
Project("{8BC9CEB8-8B4A-11D0-8D11-00A0C91BC942}") = "fmod_codec_raw", "fmod_codec_raw.vcxproj", "{B80D8A78-BD75-49B2-88EB-75EB4497B7FA}"
EndProject
Project("{8BC9CEB8-8B4A-11D0-8D11-00A0C91BC942}") = "fmod_distance_filter", "fmod_distance_filter.vcxproj", "{9378453B-7982-4BC0-A651-73B2D7AC2835}"
EndProject
Project("{8BC9CEB8-8B4A-11D0-8D11-00A0C91BC942}") = "fmod_gain", "fmod_gain.vcxproj", "{4A0E2AB6-3591-47EE-861E-F535A054C0F1}"
EndProject
Project("{8BC9CEB8-8B4A-11D0-8D11-00A0C91BC942}") = "fmod_noise", "fmod_noise.vcxproj", "{0EF22A33-108A-4445-A044-09391D76A1F9}"
EndProject
Project("{8BC9CEB8-8B4A-11D0-8D11-00A0C91BC942}") = "output_mp3", "output_mp3.vcxproj", "{F3F9FC08-B965-4A68-B459-1417EA24D6A0}"
EndProject
Global
	GlobalSection(SolutionConfigurationPlatforms) = preSolution
		Debug|Win32 = Debug|Win32
		Debug|x64 = Debug|x64
		Release|Win32 = Release|Win32
		Release|x64 = Release|x64
	EndGlobalSection
	GlobalSection(ProjectConfigurationPlatforms) = postSolution
		{1D749E03-7B80-41A5-B5B3-6D60F26C5B8C}.Debug|Win32.ActiveCfg = Debug|Win32
		{1D749E03-7B80-41A5-B5B3-6D60F26C5B8C}.Debug|Win32.Build.0 = Debug|Win32
		{1D749E03-7B80-41A5-B5B3-6D60F26C5B8C}.Debug|Win32.Deploy.0 = Debug|Win32
		{1D749E03-7B80-41A5-B5B3-6D60F26C5B8C}.Debug|x64.ActiveCfg = Debug|x64
		{1D749E03-7B80-41A5-B5B3-6D60F26C5B8C}.Debug|x64.Build.0 = Debug|x64
		{1D749E03-7B80-41A5-B5B3-6D60F26C5B8C}.Debug|x64.Deploy.0 = Debug|x64
		{1D749E03-7B80-41A5-B5B3-6D60F26C5B8C}.Release|Win32.ActiveCfg = Release|Win32
		{1D749E03-7B80-41A5-B5B3-6D60F26C5B8C}.Release|Win32.Build.0 = Release|Win32
		{1D749E03-7B80-41A5-B5B3-6D60F26C5B8C}.Release|Win32.Deploy.0 = Release|Win32
		{1D749E03-7B80-41A5-B5B3-6D60F26C5B8C}.Release|x64.ActiveCfg = Release|x64
		{1D749E03-7B80-41A5-B5B3-6D60F26C5B8C}.Release|x64.Build.0 = Release|x64
		{1D749E03-7B80-41A5-B5B3-6D60F26C5B8C}.Release|x64.Deploy.0 = Release|x64
		{CC6574A1-417D-49A4-AC39-5ED17FC8B848}.Debug|Win32.ActiveCfg = Debug|Win32
		{CC6574A1-417D-49A4-AC39-5ED17FC8B848}.Debug|Win32.Build.0 = Debug|Win32
		{CC6574A1-417D-49A4-AC39-5ED17FC8B848}.Debug|Win32.Deploy.0 = Debug|Win32
		{CC6574A1-417D-49A4-AC39-5ED17FC8B848}.Debug|x64.ActiveCfg = Debug|x64
		{CC6574A1-417D-49A4-AC39-5ED17FC8B848}.Debug|x64.Build.0 = Debug|x64
		{CC6574A1-417D-49A4-AC39-5ED17FC8B848}.Debug|x64.Deploy.0 = Debug|x64
		{CC6574A1-417D-49A4-AC39-5ED17FC8B848}.Release|Win32.ActiveCfg = Release|Win32
		{CC6574A1-417D-49A4-AC39-5ED17FC8B848}.Release|Win32.Build.0 = Release|Win32
		{CC6574A1-417D-49A4-AC39-5ED17FC8B848}.Release|Win32.Deploy.0 = Release|Win32
		{CC6574A1-417D-49A4-AC39-5ED17FC8B848}.Release|x64.ActiveCfg = Release|x64
		{CC6574A1-417D-49A4-AC39-5ED17FC8B848}.Release|x64.Build.0 = Release|x64
		{CC6574A1-417D-49A4-AC39-5ED17FC8B848}.Release|x64.Deploy.0 = Release|x64
		{37FA2A7D-1EFC-4F1A-A6C0-9762DB3E37F7}.Debug|Win32.ActiveCfg = Debug|Win32
		{37FA2A7D-1EFC-4F1A-A6C0-9762DB3E37F7}.Debug|Win32.Build.0 = Debug|Win32
		{37FA2A7D-1EFC-4F1A-A6C0-9762DB3E37F7}.Debug|Win32.Deploy.0 = Debug|Win32
		{37FA2A7D-1EFC-4F1A-A6C0-9762DB3E37F7}.Debug|x64.ActiveCfg = Debug|x64
		{37FA2A7D-1EFC-4F1A-A6C0-9762DB3E37F7}.Debug|x64.Build.0 = Debug|x64
		{37FA2A7D-1EFC-4F1A-A6C0-9762DB3E37F7}.Debug|x64.Deploy.0 = Debug|x64
		{37FA2A7D-1EFC-4F1A-A6C0-9762DB3E37F7}.Release|Win32.ActiveCfg = Release|Win32
		{37FA2A7D-1EFC-4F1A-A6C0-9762DB3E37F7}.Release|Win32.Build.0 = Release|Win32
		{37FA2A7D-1EFC-4F1A-A6C0-9762DB3E37F7}.Release|Win32.Deploy.0 = Release|Win32
		{37FA2A7D-1EFC-4F1A-A6C0-9762DB3E37F7}.Release|x64.ActiveCfg = Release|x64
		{37FA2A7D-1EFC-4F1A-A6C0-9762DB3E37F7}.Release|x64.Build.0 = Release|x64
		{37FA2A7D-1EFC-4F1A-A6C0-9762DB3E37F7}.Release|x64.Deploy.0 = Release|x64
		{63017712-92AD-4256-8534-71260E9A1E6D}.Debug|Win32.ActiveCfg = Debug|Win32
		{63017712-92AD-4256-8534-71260E9A1E6D}.Debug|Win32.Build.0 = Debug|Win32
		{63017712-92AD-4256-8534-71260E9A1E6D}.Debug|Win32.Deploy.0 = Debug|Win32
		{63017712-92AD-4256-8534-71260E9A1E6D}.Debug|x64.ActiveCfg = Debug|x64
		{63017712-92AD-4256-8534-71260E9A1E6D}.Debug|x64.Build.0 = Debug|x64
		{63017712-92AD-4256-8534-71260E9A1E6D}.Debug|x64.Deploy.0 = Debug|x64
		{63017712-92AD-4256-8534-71260E9A1E6D}.Release|Win32.ActiveCfg = Release|Win32
		{63017712-92AD-4256-8534-71260E9A1E6D}.Release|Win32.Build.0 = Release|Win32
		{63017712-92AD-4256-8534-71260E9A1E6D}.Release|Win32.Deploy.0 = Release|Win32
		{63017712-92AD-4256-8534-71260E9A1E6D}.Release|x64.ActiveCfg = Release|x64
		{63017712-92AD-4256-8534-71260E9A1E6D}.Release|x64.Build.0 = Release|x64
		{63017712-92AD-4256-8534-71260E9A1E6D}.Release|x64.Deploy.0 = Release|x64
		{BF1FD958-136F-48FF-A28A-00730399354B}.Debug|Win32.ActiveCfg = Debug|Win32
		{BF1FD958-136F-48FF-A28A-00730399354B}.Debug|Win32.Build.0 = Debug|Win32
		{BF1FD958-136F-48FF-A28A-00730399354B}.Debug|Win32.Deploy.0 = Debug|Win32
		{BF1FD958-136F-48FF-A28A-00730399354B}.Debug|x64.ActiveCfg = Debug|x64
		{BF1FD958-136F-48FF-A28A-00730399354B}.Debug|x64.Build.0 = Debug|x64
		{BF1FD958-136F-48FF-A28A-00730399354B}.Debug|x64.Deploy.0 = Debug|x64
		{BF1FD958-136F-48FF-A28A-00730399354B}.Release|Win32.ActiveCfg = Release|Win32
		{BF1FD958-136F-48FF-A28A-00730399354B}.Release|Win32.Build.0 = Release|Win32
		{BF1FD958-136F-48FF-A28A-00730399354B}.Release|Win32.Deploy.0 = Release|Win32
		{BF1FD958-136F-48FF-A28A-00730399354B}.Release|x64.ActiveCfg = Release|x64
		{BF1FD958-136F-48FF-A28A-00730399354B}.Release|x64.Build.0 = Release|x64
		{BF1FD958-136F-48FF-A28A-00730399354B}.Release|x64.Deploy.0 = Release|x64
		{E322C307-C002-4862-B95B-C8EE49032A7F}.Debug|Win32.ActiveCfg = Debug|Win32
		{E322C307-C002-4862-B95B-C8EE49032A7F}.Debug|Win32.Build.0 = Debug|Win32
		{E322C307-C002-4862-B95B-C8EE49032A7F}.Debug|Win32.Deploy.0 = Debug|Win32
		{E322C307-C002-4862-B95B-C8EE49032A7F}.Debug|x64.ActiveCfg = Debug|x64
		{E322C307-C002-4862-B95B-C8EE49032A7F}.Debug|x64.Build.0 = Debug|x64
		{E322C307-C002-4862-B95B-C8EE49032A7F}.Debug|x64.Deploy.0 = Debug|x64
		{E322C307-C002-4862-B95B-C8EE49032A7F}.Release|Win32.ActiveCfg = Release|Win32
		{E322C307-C002-4862-B95B-C8EE49032A7F}.Release|Win32.Build.0 = Release|Win32
		{E322C307-C002-4862-B95B-C8EE49032A7F}.Release|Win32.Deploy.0 = Release|Win32
		{E322C307-C002-4862-B95B-C8EE49032A7F}.Release|x64.ActiveCfg = Release|x64
		{E322C307-C002-4862-B95B-C8EE49032A7F}.Release|x64.Build.0 = Release|x64
		{E322C307-C002-4862-B95B-C8EE49032A7F}.Release|x64.Deploy.0 = Release|x64
		{F112F182-5D7F-47BB-8D7A-74C87B104539}.Debug|Win32.ActiveCfg = Debug|Win32
		{F112F182-5D7F-47BB-8D7A-74C87B104539}.Debug|Win32.Build.0 = Debug|Win32
		{F112F182-5D7F-47BB-8D7A-74C87B104539}.Debug|Win32.Deploy.0 = Debug|Win32
		{F112F182-5D7F-47BB-8D7A-74C87B104539}.Debug|x64.ActiveCfg = Debug|x64
		{F112F182-5D7F-47BB-8D7A-74C87B104539}.Debug|x64.Build.0 = Debug|x64
		{F112F182-5D7F-47BB-8D7A-74C87B104539}.Debug|x64.Deploy.0 = Debug|x64
		{F112F182-5D7F-47BB-8D7A-74C87B104539}.Release|Win32.ActiveCfg = Release|Win32
		{F112F182-5D7F-47BB-8D7A-74C87B104539}.Release|Win32.Build.0 = Release|Win32
		{F112F182-5D7F-47BB-8D7A-74C87B104539}.Release|Win32.Deploy.0 = Release|Win32
		{F112F182-5D7F-47BB-8D7A-74C87B104539}.Release|x64.ActiveCfg = Release|x64
		{F112F182-5D7F-47BB-8D7A-74C87B104539}.Release|x64.Build.0 = Release|x64
		{F112F182-5D7F-47BB-8D7A-74C87B104539}.Release|x64.Deploy.0 = Release|x64
		{A76797CE-7A1F-4F78-B309-B3BCFDB62579}.Debug|Win32.ActiveCfg = Debug|Win32
		{A76797CE-7A1F-4F78-B309-B3BCFDB62579}.Debug|Win32.Build.0 = Debug|Win32
		{A76797CE-7A1F-4F78-B309-B3BCFDB62579}.Debug|Win32.Deploy.0 = Debug|Win32
		{A76797CE-7A1F-4F78-B309-B3BCFDB62579}.Debug|x64.ActiveCfg = Debug|x64
		{A76797CE-7A1F-4F78-B309-B3BCFDB62579}.Debug|x64.Build.0 = Debug|x64
		{A76797CE-7A1F-4F78-B309-B3BCFDB62579}.Debug|x64.Deploy.0 = Debug|x64
		{A76797CE-7A1F-4F78-B309-B3BCFDB62579}.Release|Win32.ActiveCfg = Release|Win32
		{A76797CE-7A1F-4F78-B309-B3BCFDB62579}.Release|Win32.Build.0 = Release|Win32
		{A76797CE-7A1F-4F78-B309-B3BCFDB62579}.Release|Win32.Deploy.0 = Release|Win32
		{A76797CE-7A1F-4F78-B309-B3BCFDB62579}.Release|x64.ActiveCfg = Release|x64
		{A76797CE-7A1F-4F78-B309-B3BCFDB62579}.Release|x64.Build.0 = Release|x64
		{A76797CE-7A1F-4F78-B309-B3BCFDB62579}.Release|x64.Deploy.0 = Release|x64
		{D8939ACD-8CC7-437F-8192-0964A38D5CC3}.Debug|Win32.ActiveCfg = Debug|Win32
		{D8939ACD-8CC7-437F-8192-0964A38D5CC3}.Debug|Win32.Build.0 = Debug|Win32
		{D8939ACD-8CC7-437F-8192-0964A38D5CC3}.Debug|Win32.Deploy.0 = Debug|Win32
		{D8939ACD-8CC7-437F-8192-0964A38D5CC3}.Debug|x64.ActiveCfg = Debug|x64
		{D8939ACD-8CC7-437F-8192-0964A38D5CC3}.Debug|x64.Build.0 = Debug|x64
		{D8939ACD-8CC7-437F-8192-0964A38D5CC3}.Debug|x64.Deploy.0 = Debug|x64
		{D8939ACD-8CC7-437F-8192-0964A38D5CC3}.Release|Win32.ActiveCfg = Release|Win32
		{D8939ACD-8CC7-437F-8192-0964A38D5CC3}.Release|Win32.Build.0 = Release|Win32
		{D8939ACD-8CC7-437F-8192-0964A38D5CC3}.Release|Win32.Deploy.0 = Release|Win32
		{D8939ACD-8CC7-437F-8192-0964A38D5CC3}.Release|x64.ActiveCfg = Release|x64
		{D8939ACD-8CC7-437F-8192-0964A38D5CC3}.Release|x64.Build.0 = Release|x64
		{D8939ACD-8CC7-437F-8192-0964A38D5CC3}.Release|x64.Deploy.0 = Release|x64
		{BC16604A-2298-41FE-BD3F-FBA924897F77}.Debug|Win32.ActiveCfg = Debug|Win32
		{BC16604A-2298-41FE-BD3F-FBA924897F77}.Debug|Win32.Build.0 = Debug|Win32
		{BC16604A-2298-41FE-BD3F-FBA924897F77}.Debug|Win32.Deploy.0 = Debug|Win32
		{BC16604A-2298-41FE-BD3F-FBA924897F77}.Debug|x64.ActiveCfg = Debug|x64
		{BC16604A-2298-41FE-BD3F-FBA924897F77}.Debug|x64.Build.0 = Debug|x64
		{BC16604A-2298-41FE-BD3F-FBA924897F77}.Debug|x64.Deploy.0 = Debug|x64
		{BC16604A-2298-41FE-BD3F-FBA924897F77}.Release|Win32.ActiveCfg = Release|Win32
		{BC16604A-2298-41FE-BD3F-FBA924897F77}.Release|Win32.Build.0 = Release|Win32
		{BC16604A-2298-41FE-BD3F-FBA924897F77}.Release|Win32.Deploy.0 = Release|Win32
		{BC16604A-2298-41FE-BD3F-FBA924897F77}.Release|x64.ActiveCfg = Release|x64
		{BC16604A-2298-41FE-BD3F-FBA924897F77}.Release|x64.Build.0 = Release|x64
		{BC16604A-2298-41FE-BD3F-FBA924897F77}.Release|x64.Deploy.0 = Release|x64
		{347A36C8-B7D8-4008-BA82-B5BAB7C72CF3}.Debug|Win32.ActiveCfg = Debug|Win32
		{347A36C8-B7D8-4008-BA82-B5BAB7C72CF3}.Debug|Win32.Build.0 = Debug|Win32
		{347A36C8-B7D8-4008-BA82-B5BAB7C72CF3}.Debug|Win32.Deploy.0 = Debug|Win32
		{347A36C8-B7D8-4008-BA82-B5BAB7C72CF3}.Debug|x64.ActiveCfg = Debug|x64
		{347A36C8-B7D8-4008-BA82-B5BAB7C72CF3}.Debug|x64.Build.0 = Debug|x64
		{347A36C8-B7D8-4008-BA82-B5BAB7C72CF3}.Debug|x64.Deploy.0 = Debug|x64
		{347A36C8-B7D8-4008-BA82-B5BAB7C72CF3}.Release|Win32.ActiveCfg = Release|Win32
		{347A36C8-B7D8-4008-BA82-B5BAB7C72CF3}.Release|Win32.Build.0 = Release|Win32
		{347A36C8-B7D8-4008-BA82-B5BAB7C72CF3}.Release|Win32.Deploy.0 = Release|Win32
		{347A36C8-B7D8-4008-BA82-B5BAB7C72CF3}.Release|x64.ActiveCfg = Release|x64
		{347A36C8-B7D8-4008-BA82-B5BAB7C72CF3}.Release|x64.Build.0 = Release|x64
		{347A36C8-B7D8-4008-BA82-B5BAB7C72CF3}.Release|x64.Deploy.0 = Release|x64
		{6B616536-2301-44D3-9F44-546A712A7513}.Debug|Win32.ActiveCfg = Debug|Win32
		{6B616536-2301-44D3-9F44-546A712A7513}.Debug|Win32.Build.0 = Debug|Win32
		{6B616536-2301-44D3-9F44-546A712A7513}.Debug|Win32.Deploy.0 = Debug|Win32
		{6B616536-2301-44D3-9F44-546A712A7513}.Debug|x64.ActiveCfg = Debug|x64
		{6B616536-2301-44D3-9F44-546A712A7513}.Debug|x64.Build.0 = Debug|x64
		{6B616536-2301-44D3-9F44-546A712A7513}.Debug|x64.Deploy.0 = Debug|x64
		{6B616536-2301-44D3-9F44-546A712A7513}.Release|Win32.ActiveCfg = Release|Win32
		{6B616536-2301-44D3-9F44-546A712A7513}.Release|Win32.Build.0 = Release|Win32
		{6B616536-2301-44D3-9F44-546A712A7513}.Release|Win32.Deploy.0 = Release|Win32
		{6B616536-2301-44D3-9F44-546A712A7513}.Release|x64.ActiveCfg = Release|x64
		{6B616536-2301-44D3-9F44-546A712A7513}.Release|x64.Build.0 = Release|x64
		{6B616536-2301-44D3-9F44-546A712A7513}.Release|x64.Deploy.0 = Release|x64
		{7101BC30-ABE6-4CDC-8C47-9CC6E35C3BC1}.Debug|Win32.ActiveCfg = Debug|Win32
		{7101BC30-ABE6-4CDC-8C47-9CC6E35C3BC1}.Debug|Win32.Build.0 = Debug|Win32
		{7101BC30-ABE6-4CDC-8C47-9CC6E35C3BC1}.Debug|Win32.Deploy.0 = Debug|Win32
		{7101BC30-ABE6-4CDC-8C47-9CC6E35C3BC1}.Debug|x64.ActiveCfg = Debug|x64
		{7101BC30-ABE6-4CDC-8C47-9CC6E35C3BC1}.Debug|x64.Build.0 = Debug|x64
		{7101BC30-ABE6-4CDC-8C47-9CC6E35C3BC1}.Debug|x64.Deploy.0 = Debug|x64
		{7101BC30-ABE6-4CDC-8C47-9CC6E35C3BC1}.Release|Win32.ActiveCfg = Release|Win32
		{7101BC30-ABE6-4CDC-8C47-9CC6E35C3BC1}.Release|Win32.Build.0 = Release|Win32
		{7101BC30-ABE6-4CDC-8C47-9CC6E35C3BC1}.Release|Win32.Deploy.0 = Release|Win32
		{7101BC30-ABE6-4CDC-8C47-9CC6E35C3BC1}.Release|x64.ActiveCfg = Release|x64
		{7101BC30-ABE6-4CDC-8C47-9CC6E35C3BC1}.Release|x64.Build.0 = Release|x64
		{7101BC30-ABE6-4CDC-8C47-9CC6E35C3BC1}.Release|x64.Deploy.0 = Release|x64
		{1959DD4B-D6BF-461E-B4A7-206476C74C9C}.Debug|Win32.ActiveCfg = Debug|Win32
		{1959DD4B-D6BF-461E-B4A7-206476C74C9C}.Debug|Win32.Build.0 = Debug|Win32
		{1959DD4B-D6BF-461E-B4A7-206476C74C9C}.Debug|Win32.Deploy.0 = Debug|Win32
		{1959DD4B-D6BF-461E-B4A7-206476C74C9C}.Debug|x64.ActiveCfg = Debug|x64
		{1959DD4B-D6BF-461E-B4A7-206476C74C9C}.Debug|x64.Build.0 = Debug|x64
		{1959DD4B-D6BF-461E-B4A7-206476C74C9C}.Debug|x64.Deploy.0 = Debug|x64
		{1959DD4B-D6BF-461E-B4A7-206476C74C9C}.Release|Win32.ActiveCfg = Release|Win32
		{1959DD4B-D6BF-461E-B4A7-206476C74C9C}.Release|Win32.Build.0 = Release|Win32
		{1959DD4B-D6BF-461E-B4A7-206476C74C9C}.Release|Win32.Deploy.0 = Release|Win32
		{1959DD4B-D6BF-461E-B4A7-206476C74C9C}.Release|x64.ActiveCfg = Release|x64
		{1959DD4B-D6BF-461E-B4A7-206476C74C9C}.Release|x64.Build.0 = Release|x64
		{1959DD4B-D6BF-461E-B4A7-206476C74C9C}.Release|x64.Deploy.0 = Release|x64
		{EF63CBC9-26F3-402A-94FF-81930D649704}.Debug|Win32.ActiveCfg = Debug|Win32
		{EF63CBC9-26F3-402A-94FF-81930D649704}.Debug|Win32.Build.0 = Debug|Win32
		{EF63CBC9-26F3-402A-94FF-81930D649704}.Debug|Win32.Deploy.0 = Debug|Win32
		{EF63CBC9-26F3-402A-94FF-81930D649704}.Debug|x64.ActiveCfg = Debug|x64
		{EF63CBC9-26F3-402A-94FF-81930D649704}.Debug|x64.Build.0 = Debug|x64
		{EF63CBC9-26F3-402A-94FF-81930D649704}.Debug|x64.Deploy.0 = Debug|x64
		{EF63CBC9-26F3-402A-94FF-81930D649704}.Release|Win32.ActiveCfg = Release|Win32
		{EF63CBC9-26F3-402A-94FF-81930D649704}.Release|Win32.Build.0 = Release|Win32
		{EF63CBC9-26F3-402A-94FF-81930D649704}.Release|Win32.Deploy.0 = Release|Win32
		{EF63CBC9-26F3-402A-94FF-81930D649704}.Release|x64.ActiveCfg = Release|x64
		{EF63CBC9-26F3-402A-94FF-81930D649704}.Release|x64.Build.0 = Release|x64
		{EF63CBC9-26F3-402A-94FF-81930D649704}.Release|x64.Deploy.0 = Release|x64
		{F14353C3-8B39-49BB-BD6D-1856176BE08A}.Debug|Win32.ActiveCfg = Debug|Win32
		{F14353C3-8B39-49BB-BD6D-1856176BE08A}.Debug|Win32.Build.0 = Debug|Win32
		{F14353C3-8B39-49BB-BD6D-1856176BE08A}.Debug|Win32.Deploy.0 = Debug|Win32
		{F14353C3-8B39-49BB-BD6D-1856176BE08A}.Debug|x64.ActiveCfg = Debug|x64
		{F14353C3-8B39-49BB-BD6D-1856176BE08A}.Debug|x64.Build.0 = Debug|x64
		{F14353C3-8B39-49BB-BD6D-1856176BE08A}.Debug|x64.Deploy.0 = Debug|x64
		{F14353C3-8B39-49BB-BD6D-1856176BE08A}.Release|Win32.ActiveCfg = Release|Win32
		{F14353C3-8B39-49BB-BD6D-1856176BE08A}.Release|Win32.Build.0 = Release|Win32
		{F14353C3-8B39-49BB-BD6D-1856176BE08A}.Release|Win32.Deploy.0 = Release|Win32
		{F14353C3-8B39-49BB-BD6D-1856176BE08A}.Release|x64.ActiveCfg = Release|x64
		{F14353C3-8B39-49BB-BD6D-1856176BE08A}.Release|x64.Build.0 = Release|x64
		{F14353C3-8B39-49BB-BD6D-1856176BE08A}.Release|x64.Deploy.0 = Release|x64
		{DD9AED7E-5D76-44DA-9F9C-1B72FE176AA7}.Debug|Win32.ActiveCfg = Debug|Win32
		{DD9AED7E-5D76-44DA-9F9C-1B72FE176AA7}.Debug|Win32.Build.0 = Debug|Win32
		{DD9AED7E-5D76-44DA-9F9C-1B72FE176AA7}.Debug|Win32.Deploy.0 = Debug|Win32
		{DD9AED7E-5D76-44DA-9F9C-1B72FE176AA7}.Debug|x64.ActiveCfg = Debug|x64
		{DD9AED7E-5D76-44DA-9F9C-1B72FE176AA7}.Debug|x64.Build.0 = Debug|x64
		{DD9AED7E-5D76-44DA-9F9C-1B72FE176AA7}.Debug|x64.Deploy.0 = Debug|x64
		{DD9AED7E-5D76-44DA-9F9C-1B72FE176AA7}.Release|Win32.ActiveCfg = Release|Win32
		{DD9AED7E-5D76-44DA-9F9C-1B72FE176AA7}.Release|Win32.Build.0 = Release|Win32
		{DD9AED7E-5D76-44DA-9F9C-1B72FE176AA7}.Release|Win32.Deploy.0 = Release|Win32
		{DD9AED7E-5D76-44DA-9F9C-1B72FE176AA7}.Release|x64.ActiveCfg = Release|x64
		{DD9AED7E-5D76-44DA-9F9C-1B72FE176AA7}.Release|x64.Build.0 = Release|x64
		{DD9AED7E-5D76-44DA-9F9C-1B72FE176AA7}.Release|x64.Deploy.0 = Release|x64
		{006AFE6A-4950-4169-8791-B097A8EB4A08}.Debug|Win32.ActiveCfg = Debug|Win32
		{006AFE6A-4950-4169-8791-B097A8EB4A08}.Debug|Win32.Build.0 = Debug|Win32
		{006AFE6A-4950-4169-8791-B097A8EB4A08}.Debug|Win32.Deploy.0 = Debug|Win32
		{006AFE6A-4950-4169-8791-B097A8EB4A08}.Debug|x64.ActiveCfg = Debug|x64
		{006AFE6A-4950-4169-8791-B097A8EB4A08}.Debug|x64.Build.0 = Debug|x64
		{006AFE6A-4950-4169-8791-B097A8EB4A08}.Debug|x64.Deploy.0 = Debug|x64
		{006AFE6A-4950-4169-8791-B097A8EB4A08}.Release|Win32.ActiveCfg = Release|Win32
		{006AFE6A-4950-4169-8791-B097A8EB4A08}.Release|Win32.Build.0 = Release|Win32
		{006AFE6A-4950-4169-8791-B097A8EB4A08}.Release|Win32.Deploy.0 = Release|Win32
		{006AFE6A-4950-4169-8791-B097A8EB4A08}.Release|x64.ActiveCfg = Release|x64
		{006AFE6A-4950-4169-8791-B097A8EB4A08}.Release|x64.Build.0 = Release|x64
		{006AFE6A-4950-4169-8791-B097A8EB4A08}.Release|x64.Deploy.0 = Release|x64
		{92B8307A-D6D5-4952-BB33-4AFCB6933C18}.Debug|Win32.ActiveCfg = Debug|Win32
		{92B8307A-D6D5-4952-BB33-4AFCB6933C18}.Debug|Win32.Build.0 = Debug|Win32
		{92B8307A-D6D5-4952-BB33-4AFCB6933C18}.Debug|Win32.Deploy.0 = Debug|Win32
		{92B8307A-D6D5-4952-BB33-4AFCB6933C18}.Debug|x64.ActiveCfg = Debug|x64
		{92B8307A-D6D5-4952-BB33-4AFCB6933C18}.Debug|x64.Build.0 = Debug|x64
		{92B8307A-D6D5-4952-BB33-4AFCB6933C18}.Debug|x64.Deploy.0 = Debug|x64
		{92B8307A-D6D5-4952-BB33-4AFCB6933C18}.Release|Win32.ActiveCfg = Release|Win32
		{92B8307A-D6D5-4952-BB33-4AFCB6933C18}.Release|Win32.Build.0 = Release|Win32
		{92B8307A-D6D5-4952-BB33-4AFCB6933C18}.Release|Win32.Deploy.0 = Release|Win32
		{92B8307A-D6D5-4952-BB33-4AFCB6933C18}.Release|x64.ActiveCfg = Release|x64
		{92B8307A-D6D5-4952-BB33-4AFCB6933C18}.Release|x64.Build.0 = Release|x64
		{92B8307A-D6D5-4952-BB33-4AFCB6933C18}.Release|x64.Deploy.0 = Release|x64
		{1B2D1E48-F6AE-4378-AE2A-C7C12F8CB551}.Debug|Win32.ActiveCfg = Debug|Win32
		{1B2D1E48-F6AE-4378-AE2A-C7C12F8CB551}.Debug|Win32.Build.0 = Debug|Win32
		{1B2D1E48-F6AE-4378-AE2A-C7C12F8CB551}.Debug|Win32.Deploy.0 = Debug|Win32
		{1B2D1E48-F6AE-4378-AE2A-C7C12F8CB551}.Debug|x64.ActiveCfg = Debug|x64
		{1B2D1E48-F6AE-4378-AE2A-C7C12F8CB551}.Debug|x64.Build.0 = Debug|x64
		{1B2D1E48-F6AE-4378-AE2A-C7C12F8CB551}.Debug|x64.Deploy.0 = Debug|x64
		{1B2D1E48-F6AE-4378-AE2A-C7C12F8CB551}.Release|Win32.ActiveCfg = Release|Win32
		{1B2D1E48-F6AE-4378-AE2A-C7C12F8CB551}.Release|Win32.Build.0 = Release|Win32
		{1B2D1E48-F6AE-4378-AE2A-C7C12F8CB551}.Release|Win32.Deploy.0 = Release|Win32
		{1B2D1E48-F6AE-4378-AE2A-C7C12F8CB551}.Release|x64.ActiveCfg = Release|x64
		{1B2D1E48-F6AE-4378-AE2A-C7C12F8CB551}.Release|x64.Build.0 = Release|x64
		{1B2D1E48-F6AE-4378-AE2A-C7C12F8CB551}.Release|x64.Deploy.0 = Release|x64
		{B80D8A78-BD75-49B2-88EB-75EB4497B7FA}.Debug|Win32.ActiveCfg = Debug|Win32
		{B80D8A78-BD75-49B2-88EB-75EB4497B7FA}.Debug|Win32.Build.0 = Debug|Win32
		{B80D8A78-BD75-49B2-88EB-75EB4497B7FA}.Debug|Win32.Deploy.0 = Debug|Win32
		{B80D8A78-BD75-49B2-88EB-75EB4497B7FA}.Debug|x64.ActiveCfg = Debug|x64
		{B80D8A78-BD75-49B2-88EB-75EB4497B7FA}.Debug|x64.Build.0 = Debug|x64
		{B80D8A78-BD75-49B2-88EB-75EB4497B7FA}.Debug|x64.Deploy.0 = Debug|x64
		{B80D8A78-BD75-49B2-88EB-75EB4497B7FA}.Release|Win32.ActiveCfg = Release|Win32
		{B80D8A78-BD75-49B2-88EB-75EB4497B7FA}.Release|Win32.Build.0 = Release|Win32
		{B80D8A78-BD75-49B2-88EB-75EB4497B7FA}.Release|Win32.Deploy.0 = Release|Win32
		{B80D8A78-BD75-49B2-88EB-75EB4497B7FA}.Release|x64.ActiveCfg = Release|x64
		{B80D8A78-BD75-49B2-88EB-75EB4497B7FA}.Release|x64.Build.0 = Release|x64
		{B80D8A78-BD75-49B2-88EB-75EB4497B7FA}.Release|x64.Deploy.0 = Release|x64
		{9378453B-7982-4BC0-A651-73B2D7AC2835}.Debug|Win32.ActiveCfg = Debug|Win32
		{9378453B-7982-4BC0-A651-73B2D7AC2835}.Debug|Win32.Build.0 = Debug|Win32
		{9378453B-7982-4BC0-A651-73B2D7AC2835}.Debug|Win32.Deploy.0 = Debug|Win32
		{9378453B-7982-4BC0-A651-73B2D7AC2835}.Debug|x64.ActiveCfg = Debug|x64
		{9378453B-7982-4BC0-A651-73B2D7AC2835}.Debug|x64.Build.0 = Debug|x64
		{9378453B-7982-4BC0-A651-73B2D7AC2835}.Debug|x64.Deploy.0 = Debug|x64
		{9378453B-7982-4BC0-A651-73B2D7AC2835}.Release|Win32.ActiveCfg = Release|Win32
		{9378453B-7982-4BC0-A651-73B2D7AC2835}.Release|Win32.Build.0 = Release|Win32
		{9378453B-7982-4BC0-A651-73B2D7AC2835}.Release|Win32.Deploy.0 = Release|Win32
		{9378453B-7982-4BC0-A651-73B2D7AC2835}.Release|x64.ActiveCfg = Release|x64
		{9378453B-7982-4BC0-A651-73B2D7AC2835}.Release|x64.Build.0 = Release|x64
		{9378453B-7982-4BC0-A651-73B2D7AC2835}.Release|x64.Deploy.0 = Release|x64
		{4A0E2AB6-3591-47EE-861E-F535A054C0F1}.Debug|Win32.ActiveCfg = Debug|Win32
		{4A0E2AB6-3591-47EE-861E-F535A054C0F1}.Debug|Win32.Build.0 = Debug|Win32
		{4A0E2AB6-3591-47EE-861E-F535A054C0F1}.Debug|Win32.Deploy.0 = Debug|Win32
		{4A0E2AB6-3591-47EE-861E-F535A054C0F1}.Debug|x64.ActiveCfg = Debug|x64
		{4A0E2AB6-3591-47EE-861E-F535A054C0F1}.Debug|x64.Build.0 = Debug|x64
		{4A0E2AB6-3591-47EE-861E-F535A054C0F1}.Debug|x64.Deploy.0 = Debug|x64
		{4A0E2AB6-3591-47EE-861E-F535A054C0F1}.Release|Win32.ActiveCfg = Release|Win32
		{4A0E2AB6-3591-47EE-861E-F535A054C0F1}.Release|Win32.Build.0 = Release|Win32
		{4A0E2AB6-3591-47EE-861E-F535A054C0F1}.Release|Win32.Deploy.0 = Release|Win32
		{4A0E2AB6-3591-47EE-861E-F535A054C0F1}.Release|x64.ActiveCfg = Release|x64
		{4A0E2AB6-3591-47EE-861E-F535A054C0F1}.Release|x64.Build.0 = Release|x64
		{4A0E2AB6-3591-47EE-861E-F535A054C0F1}.Release|x64.Deploy.0 = Release|x64
		{0EF22A33-108A-4445-A044-09391D76A1F9}.Debug|Win32.ActiveCfg = Debug|Win32
		{0EF22A33-108A-4445-A044-09391D76A1F9}.Debug|Win32.Build.0 = Debug|Win32
		{0EF22A33-108A-4445-A044-09391D76A1F9}.Debug|Win32.Deploy.0 = Debug|Win32
		{0EF22A33-108A-4445-A044-09391D76A1F9}.Debug|x64.ActiveCfg = Debug|x64
		{0EF22A33-108A-4445-A044-09391D76A1F9}.Debug|x64.Build.0 = Debug|x64
		{0EF22A33-108A-4445-A044-09391D76A1F9}.Debug|x64.Deploy.0 = Debug|x64
		{0EF22A33-108A-4445-A044-09391D76A1F9}.Release|Win32.ActiveCfg = Release|Win32
		{0EF22A33-108A-4445-A044-09391D76A1F9}.Release|Win32.Build.0 = Release|Win32
		{0EF22A33-108A-4445-A044-09391D76A1F9}.Release|Win32.Deploy.0 = Release|Win32
		{0EF22A33-108A-4445-A044-09391D76A1F9}.Release|x64.ActiveCfg = Release|x64
		{0EF22A33-108A-4445-A044-09391D76A1F9}.Release|x64.Build.0 = Release|x64
		{0EF22A33-108A-4445-A044-09391D76A1F9}.Release|x64.Deploy.0 = Release|x64
		{F3F9FC08-B965-4A68-B459-1417EA24D6A0}.Debug|Win32.ActiveCfg = Debug|Win32
		{F3F9FC08-B965-4A68-B459-1417EA24D6A0}.Debug|Win32.Build.0 = Debug|Win32
		{F3F9FC08-B965-4A68-B459-1417EA24D6A0}.Debug|Win32.Deploy.0 = Debug|Win32
		{F3F9FC08-B965-4A68-B459-1417EA24D6A0}.Debug|x64.ActiveCfg = Debug|x64
		{F3F9FC08-B965-4A68-B459-1417EA24D6A0}.Debug|x64.Build.0 = Debug|x64
		{F3F9FC08-B965-4A68-B459-1417EA24D6A0}.Debug|x64.Deploy.0 = Debug|x64
		{F3F9FC08-B965-4A68-B459-1417EA24D6A0}.Release|Win32.ActiveCfg = Release|Win32
		{F3F9FC08-B965-4A68-B459-1417EA24D6A0}.Release|Win32.Build.0 = Release|Win32
		{F3F9FC08-B965-4A68-B459-1417EA24D6A0}.Release|Win32.Deploy.0 = Release|Win32
		{F3F9FC08-B965-4A68-B459-1417EA24D6A0}.Release|x64.ActiveCfg = Release|x64
		{F3F9FC08-B965-4A68-B459-1417EA24D6A0}.Release|x64.Build.0 = Release|x64
		{F3F9FC08-B965-4A68-B459-1417EA24D6A0}.Release|x64.Deploy.0 = Release|x64
	EndGlobalSection
	GlobalSection(SolutionProperties) = preSolution
		HideSolutionNode = FALSE
	EndGlobalSection
EndGlobal
