
Microsoft Visual Studio Solution File, Format Version 12.00
# Visual Studio Version 16
VisualStudioVersion = 16.0.31911.196
MinimumVisualStudioVersion = 10.0.40219.1
Project("{8BC9CEB8-8B4A-11D0-8D11-00A0C91BC942}") = "AegisEngine", "Projects\AegisEngine\AegisEngine.vcxproj", "{03500F0B-060B-4948-BB90-8693691CEFEB}"
EndProject
Project("{8BC9CEB8-8B4A-11D0-8D11-00A0C91BC942}") = "Bullet", "Projects\Bullet\Bullet.vcxproj", "{A52E98DD-862C-4722-81D0-771410A59E7C}"
EndProject
Project("{8BC9CEB8-8B4A-11D0-8D11-00A0C91BC942}") = "SDL2", "Projects\SDL2\SDL2.vcxproj", "{443FD5D9-2EAD-4C55-A899-52BF0CB4CBDC}"
EndProject
Project("{8BC9CEB8-8B4A-11D0-8D11-00A0C91BC942}") = "ImGUI", "Projects\ImGUI\ImGUI.vcxproj", "{4B87D509-B939-47E8-B0D8-4F88EF19FBC1}"
EndProject
Project("{8BC9CEB8-8B4A-11D0-8D11-00A0C91BC942}") = "Fmod", "Projects\Fmod\Fmod.vcxproj", "{B7E2734F-C9BE-4EBD-9C52-5D528C6A2592}"
EndProject
Global
	GlobalSection(SolutionConfigurationPlatforms) = preSolution
		Debug|x64 = Debug|x64
		Debug|x86 = Debug|x86
		Release|x64 = Release|x64
		Release|x86 = Release|x86
	EndGlobalSection
	GlobalSection(ProjectConfigurationPlatforms) = postSolution
		{03500F0B-060B-4948-BB90-8693691CEFEB}.Debug|x64.ActiveCfg = Debug|x64
		{03500F0B-060B-4948-BB90-8693691CEFEB}.Debug|x64.Build.0 = Debug|x64
		{03500F0B-060B-4948-BB90-8693691CEFEB}.Debug|x86.ActiveCfg = Debug|Win32
		{03500F0B-060B-4948-BB90-8693691CEFEB}.Debug|x86.Build.0 = Debug|Win32
		{03500F0B-060B-4948-BB90-8693691CEFEB}.Release|x64.ActiveCfg = Release|x64
		{03500F0B-060B-4948-BB90-8693691CEFEB}.Release|x64.Build.0 = Release|x64
		{03500F0B-060B-4948-BB90-8693691CEFEB}.Release|x86.ActiveCfg = Release|Win32
		{03500F0B-060B-4948-BB90-8693691CEFEB}.Release|x86.Build.0 = Release|Win32
		{A52E98DD-862C-4722-81D0-771410A59E7C}.Debug|x64.ActiveCfg = Debug|x64
		{A52E98DD-862C-4722-81D0-771410A59E7C}.Debug|x64.Build.0 = Debug|x64
		{A52E98DD-862C-4722-81D0-771410A59E7C}.Debug|x86.ActiveCfg = Debug|Win32
		{A52E98DD-862C-4722-81D0-771410A59E7C}.Debug|x86.Build.0 = Debug|Win32
		{A52E98DD-862C-4722-81D0-771410A59E7C}.Release|x64.ActiveCfg = Release|x64
		{A52E98DD-862C-4722-81D0-771410A59E7C}.Release|x64.Build.0 = Release|x64
		{A52E98DD-862C-4722-81D0-771410A59E7C}.Release|x86.ActiveCfg = Release|Win32
		{A52E98DD-862C-4722-81D0-771410A59E7C}.Release|x86.Build.0 = Release|Win32
		{443FD5D9-2EAD-4C55-A899-52BF0CB4CBDC}.Debug|x64.ActiveCfg = Debug|x64
		{443FD5D9-2EAD-4C55-A899-52BF0CB4CBDC}.Debug|x64.Build.0 = Debug|x64
		{443FD5D9-2EAD-4C55-A899-52BF0CB4CBDC}.Debug|x86.ActiveCfg = Debug|Win32
		{443FD5D9-2EAD-4C55-A899-52BF0CB4CBDC}.Debug|x86.Build.0 = Debug|Win32
		{443FD5D9-2EAD-4C55-A899-52BF0CB4CBDC}.Release|x64.ActiveCfg = Release|x64
		{443FD5D9-2EAD-4C55-A899-52BF0CB4CBDC}.Release|x64.Build.0 = Release|x64
		{443FD5D9-2EAD-4C55-A899-52BF0CB4CBDC}.Release|x86.ActiveCfg = Release|Win32
		{443FD5D9-2EAD-4C55-A899-52BF0CB4CBDC}.Release|x86.Build.0 = Release|Win32
		{4B87D509-B939-47E8-B0D8-4F88EF19FBC1}.Debug|x64.ActiveCfg = Debug|x64
		{4B87D509-B939-47E8-B0D8-4F88EF19FBC1}.Debug|x64.Build.0 = Debug|x64
		{4B87D509-B939-47E8-B0D8-4F88EF19FBC1}.Debug|x86.ActiveCfg = Debug|Win32
		{4B87D509-B939-47E8-B0D8-4F88EF19FBC1}.Debug|x86.Build.0 = Debug|Win32
		{4B87D509-B939-47E8-B0D8-4F88EF19FBC1}.Release|x64.ActiveCfg = Release|x64
		{4B87D509-B939-47E8-B0D8-4F88EF19FBC1}.Release|x64.Build.0 = Release|x64
		{4B87D509-B939-47E8-B0D8-4F88EF19FBC1}.Release|x86.ActiveCfg = Release|Win32
		{4B87D509-B939-47E8-B0D8-4F88EF19FBC1}.Release|x86.Build.0 = Release|Win32
		{B7E2734F-C9BE-4EBD-9C52-5D528C6A2592}.Debug|x64.ActiveCfg = Debug|x64
		{B7E2734F-C9BE-4EBD-9C52-5D528C6A2592}.Debug|x64.Build.0 = Debug|x64
		{B7E2734F-C9BE-4EBD-9C52-5D528C6A2592}.Debug|x86.ActiveCfg = Debug|Win32
		{B7E2734F-C9BE-4EBD-9C52-5D528C6A2592}.Debug|x86.Build.0 = Debug|Win32
		{B7E2734F-C9BE-4EBD-9C52-5D528C6A2592}.Release|x64.ActiveCfg = Release|x64
		{B7E2734F-C9BE-4EBD-9C52-5D528C6A2592}.Release|x64.Build.0 = Release|x64
		{B7E2734F-C9BE-4EBD-9C52-5D528C6A2592}.Release|x86.ActiveCfg = Release|Win32
		{B7E2734F-C9BE-4EBD-9C52-5D528C6A2592}.Release|x86.Build.0 = Release|Win32
	EndGlobalSection
	GlobalSection(SolutionProperties) = preSolution
		HideSolutionNode = FALSE
	EndGlobalSection
	GlobalSection(ExtensibilityGlobals) = postSolution
		SolutionGuid = {374C4C35-8379-4093-A194-DFBDEA7B4565}
	EndGlobalSection
EndGlobal
