
Microsoft Visual Studio Solution File, Format Version 11.00
# Visual Studio Version 16
Project("{8BC9CEB8-8B4A-11D0-8D11-00A0C91BC942}") = "3d", "3d.vcxproj", "{962D6F00-CD9F-4BBB-ACE9-8D2B263171A2}"
EndProject
Project("{8BC9CEB8-8B4A-11D0-8D11-00A0C91BC942}") = "asyncio", "asyncio.vcxproj", "{6A9A21E7-3EB1-459B-B344-668579B09A20}"
EndProject
Project("{8BC9CEB8-8B4A-11D0-8D11-00A0C91BC942}") = "channel_groups", "channel_groups.vcxproj", "{614754A4-1314-49EE-B7CD-86AC39C6180C}"
EndProject
Project("{8BC9CEB8-8B4A-11D0-8D11-00A0C91BC942}") = "convolution_reverb", "convolution_reverb.vcxproj", "{B94FE4D9-6F15-4BDE-95BA-D127F96D807A}"
EndProject
Project("{8BC9CEB8-8B4A-11D0-8D11-00A0C91BC942}") = "dsp_custom", "dsp_custom.vcxproj", "{741E9120-F1E4-432F-A049-4C7559DE2C31}"
EndProject
Project("{8BC9CEB8-8B4A-11D0-8D11-00A0C91BC942}") = "dsp_effect_per_speaker", "dsp_effect_per_speaker.vcxproj", "{86E92AB9-CB5D-4FEE-9AA9-472889924738}"
EndProject
Project("{8BC9CEB8-8B4A-11D0-8D11-00A0C91BC942}") = "dsp_inspector", "dsp_inspector.vcxproj", "{DECE4E3D-EA02-47F7-B084-74AE7F039AD2}"
EndProject
Project("{8BC9CEB8-8B4A-11D0-8D11-00A0C91BC942}") = "effects", "effects.vcxproj", "{CFCC6407-7BB3-4E4F-8828-DF61964042D1}"
EndProject
Project("{8BC9CEB8-8B4A-11D0-8D11-00A0C91BC942}") = "gapless_playback", "gapless_playback.vcxproj", "{7BE5D2AA-A8DE-4909-A54D-0D6BF9AD7641}"
EndProject
Project("{8BC9CEB8-8B4A-11D0-8D11-00A0C91BC942}") = "generate_tone", "generate_tone.vcxproj", "{3308C9A8-A7DB-4A02-81D6-7D35898F113E}"
EndProject
Project("{8BC9CEB8-8B4A-11D0-8D11-00A0C91BC942}") = "granular_synth", "granular_synth.vcxproj", "{CBA9874E-49AE-4AE8-86AC-442F1CFF5205}"
EndProject
Project("{8BC9CEB8-8B4A-11D0-8D11-00A0C91BC942}") = "load_from_memory", "load_from_memory.vcxproj", "{F66641E2-BBC7-4F92-8089-302F5D9A5EFF}"
EndProject
Project("{8BC9CEB8-8B4A-11D0-8D11-00A0C91BC942}") = "multiple_speaker", "multiple_speaker.vcxproj", "{DEFD11BC-559F-48EB-B4D7-1900A232616F}"
EndProject
Project("{8BC9CEB8-8B4A-11D0-8D11-00A0C91BC942}") = "multiple_system", "multiple_system.vcxproj", "{044E9CF2-EA0C-43CC-BA80-561667E3D261}"
EndProject
Project("{8BC9CEB8-8B4A-11D0-8D11-00A0C91BC942}") = "net_stream", "net_stream.vcxproj", "{3EA879EA-E49E-489D-92AD-6E17BD76E0C2}"
EndProject
Project("{8BC9CEB8-8B4A-11D0-8D11-00A0C91BC942}") = "play_sound", "play_sound.vcxproj", "{F0854DFB-9DFA-4DF9-950D-3385D7D88D93}"
EndProject
Project("{8BC9CEB8-8B4A-11D0-8D11-00A0C91BC942}") = "play_stream", "play_stream.vcxproj", "{643A6C0E-DB00-43DA-A204-B43BE44E2FBA}"
EndProject
Project("{8BC9CEB8-8B4A-11D0-8D11-00A0C91BC942}") = "record", "record.vcxproj", "{BAFA39A8-CEA8-4AE6-8E7C-78712DD0DDCF}"
EndProject
Project("{8BC9CEB8-8B4A-11D0-8D11-00A0C91BC942}") = "record_enumeration", "record_enumeration.vcxproj", "{D9E6AD74-355E-40E3-A91C-8ECBCDD7957F}"
EndProject
Project("{8BC9CEB8-8B4A-11D0-8D11-00A0C91BC942}") = "user_created_sound", "user_created_sound.vcxproj", "{0E51D5E3-2509-4418-BD20-19127E379A49}"
EndProject
Project("{8BC9CEB8-8B4A-11D0-8D11-00A0C91BC942}") = "fmod_codec_raw", "fmod_codec_raw.vcxproj", "{27511E02-063D-4F4D-A451-65E383D35515}"
EndProject
Project("{8BC9CEB8-8B4A-11D0-8D11-00A0C91BC942}") = "fmod_distance_filter", "fmod_distance_filter.vcxproj", "{A66DE79E-E2E2-49CE-BF3B-4C75E5C7EF71}"
EndProject
Project("{8BC9CEB8-8B4A-11D0-8D11-00A0C91BC942}") = "fmod_gain", "fmod_gain.vcxproj", "{DF71F9AF-3DA0-4DB7-930E-714579EA77C1}"
EndProject
Project("{8BC9CEB8-8B4A-11D0-8D11-00A0C91BC942}") = "fmod_noise", "fmod_noise.vcxproj", "{8F396984-41D7-4F2F-AA4F-41B5F992DA39}"
EndProject
Project("{8BC9CEB8-8B4A-11D0-8D11-00A0C91BC942}") = "output_mp3", "output_mp3.vcxproj", "{206A4762-B4F5-4C3D-9E5F-B066CBDB342A}"
EndProject
Global
	GlobalSection(SolutionConfigurationPlatforms) = preSolution
		Debug|Win32 = Debug|Win32
		Debug|x64 = Debug|x64
		Release|Win32 = Release|Win32
		Release|x64 = Release|x64
	EndGlobalSection
	GlobalSection(ProjectConfigurationPlatforms) = postSolution
		{962D6F00-CD9F-4BBB-ACE9-8D2B263171A2}.Debug|Win32.ActiveCfg = Debug|Win32
		{962D6F00-CD9F-4BBB-ACE9-8D2B263171A2}.Debug|Win32.Build.0 = Debug|Win32
		{962D6F00-CD9F-4BBB-ACE9-8D2B263171A2}.Debug|Win32.Deploy.0 = Debug|Win32
		{962D6F00-CD9F-4BBB-ACE9-8D2B263171A2}.Debug|x64.ActiveCfg = Debug|x64
		{962D6F00-CD9F-4BBB-ACE9-8D2B263171A2}.Debug|x64.Build.0 = Debug|x64
		{962D6F00-CD9F-4BBB-ACE9-8D2B263171A2}.Debug|x64.Deploy.0 = Debug|x64
		{962D6F00-CD9F-4BBB-ACE9-8D2B263171A2}.Release|Win32.ActiveCfg = Release|Win32
		{962D6F00-CD9F-4BBB-ACE9-8D2B263171A2}.Release|Win32.Build.0 = Release|Win32
		{962D6F00-CD9F-4BBB-ACE9-8D2B263171A2}.Release|Win32.Deploy.0 = Release|Win32
		{962D6F00-CD9F-4BBB-ACE9-8D2B263171A2}.Release|x64.ActiveCfg = Release|x64
		{962D6F00-CD9F-4BBB-ACE9-8D2B263171A2}.Release|x64.Build.0 = Release|x64
		{962D6F00-CD9F-4BBB-ACE9-8D2B263171A2}.Release|x64.Deploy.0 = Release|x64
		{6A9A21E7-3EB1-459B-B344-668579B09A20}.Debug|Win32.ActiveCfg = Debug|Win32
		{6A9A21E7-3EB1-459B-B344-668579B09A20}.Debug|Win32.Build.0 = Debug|Win32
		{6A9A21E7-3EB1-459B-B344-668579B09A20}.Debug|Win32.Deploy.0 = Debug|Win32
		{6A9A21E7-3EB1-459B-B344-668579B09A20}.Debug|x64.ActiveCfg = Debug|x64
		{6A9A21E7-3EB1-459B-B344-668579B09A20}.Debug|x64.Build.0 = Debug|x64
		{6A9A21E7-3EB1-459B-B344-668579B09A20}.Debug|x64.Deploy.0 = Debug|x64
		{6A9A21E7-3EB1-459B-B344-668579B09A20}.Release|Win32.ActiveCfg = Release|Win32
		{6A9A21E7-3EB1-459B-B344-668579B09A20}.Release|Win32.Build.0 = Release|Win32
		{6A9A21E7-3EB1-459B-B344-668579B09A20}.Release|Win32.Deploy.0 = Release|Win32
		{6A9A21E7-3EB1-459B-B344-668579B09A20}.Release|x64.ActiveCfg = Release|x64
		{6A9A21E7-3EB1-459B-B344-668579B09A20}.Release|x64.Build.0 = Release|x64
		{6A9A21E7-3EB1-459B-B344-668579B09A20}.Release|x64.Deploy.0 = Release|x64
		{614754A4-1314-49EE-B7CD-86AC39C6180C}.Debug|Win32.ActiveCfg = Debug|Win32
		{614754A4-1314-49EE-B7CD-86AC39C6180C}.Debug|Win32.Build.0 = Debug|Win32
		{614754A4-1314-49EE-B7CD-86AC39C6180C}.Debug|Win32.Deploy.0 = Debug|Win32
		{614754A4-1314-49EE-B7CD-86AC39C6180C}.Debug|x64.ActiveCfg = Debug|x64
		{614754A4-1314-49EE-B7CD-86AC39C6180C}.Debug|x64.Build.0 = Debug|x64
		{614754A4-1314-49EE-B7CD-86AC39C6180C}.Debug|x64.Deploy.0 = Debug|x64
		{614754A4-1314-49EE-B7CD-86AC39C6180C}.Release|Win32.ActiveCfg = Release|Win32
		{614754A4-1314-49EE-B7CD-86AC39C6180C}.Release|Win32.Build.0 = Release|Win32
		{614754A4-1314-49EE-B7CD-86AC39C6180C}.Release|Win32.Deploy.0 = Release|Win32
		{614754A4-1314-49EE-B7CD-86AC39C6180C}.Release|x64.ActiveCfg = Release|x64
		{614754A4-1314-49EE-B7CD-86AC39C6180C}.Release|x64.Build.0 = Release|x64
		{614754A4-1314-49EE-B7CD-86AC39C6180C}.Release|x64.Deploy.0 = Release|x64
		{B94FE4D9-6F15-4BDE-95BA-D127F96D807A}.Debug|Win32.ActiveCfg = Debug|Win32
		{B94FE4D9-6F15-4BDE-95BA-D127F96D807A}.Debug|Win32.Build.0 = Debug|Win32
		{B94FE4D9-6F15-4BDE-95BA-D127F96D807A}.Debug|Win32.Deploy.0 = Debug|Win32
		{B94FE4D9-6F15-4BDE-95BA-D127F96D807A}.Debug|x64.ActiveCfg = Debug|x64
		{B94FE4D9-6F15-4BDE-95BA-D127F96D807A}.Debug|x64.Build.0 = Debug|x64
		{B94FE4D9-6F15-4BDE-95BA-D127F96D807A}.Debug|x64.Deploy.0 = Debug|x64
		{B94FE4D9-6F15-4BDE-95BA-D127F96D807A}.Release|Win32.ActiveCfg = Release|Win32
		{B94FE4D9-6F15-4BDE-95BA-D127F96D807A}.Release|Win32.Build.0 = Release|Win32
		{B94FE4D9-6F15-4BDE-95BA-D127F96D807A}.Release|Win32.Deploy.0 = Release|Win32
		{B94FE4D9-6F15-4BDE-95BA-D127F96D807A}.Release|x64.ActiveCfg = Release|x64
		{B94FE4D9-6F15-4BDE-95BA-D127F96D807A}.Release|x64.Build.0 = Release|x64
		{B94FE4D9-6F15-4BDE-95BA-D127F96D807A}.Release|x64.Deploy.0 = Release|x64
		{741E9120-F1E4-432F-A049-4C7559DE2C31}.Debug|Win32.ActiveCfg = Debug|Win32
		{741E9120-F1E4-432F-A049-4C7559DE2C31}.Debug|Win32.Build.0 = Debug|Win32
		{741E9120-F1E4-432F-A049-4C7559DE2C31}.Debug|Win32.Deploy.0 = Debug|Win32
		{741E9120-F1E4-432F-A049-4C7559DE2C31}.Debug|x64.ActiveCfg = Debug|x64
		{741E9120-F1E4-432F-A049-4C7559DE2C31}.Debug|x64.Build.0 = Debug|x64
		{741E9120-F1E4-432F-A049-4C7559DE2C31}.Debug|x64.Deploy.0 = Debug|x64
		{741E9120-F1E4-432F-A049-4C7559DE2C31}.Release|Win32.ActiveCfg = Release|Win32
		{741E9120-F1E4-432F-A049-4C7559DE2C31}.Release|Win32.Build.0 = Release|Win32
		{741E9120-F1E4-432F-A049-4C7559DE2C31}.Release|Win32.Deploy.0 = Release|Win32
		{741E9120-F1E4-432F-A049-4C7559DE2C31}.Release|x64.ActiveCfg = Release|x64
		{741E9120-F1E4-432F-A049-4C7559DE2C31}.Release|x64.Build.0 = Release|x64
		{741E9120-F1E4-432F-A049-4C7559DE2C31}.Release|x64.Deploy.0 = Release|x64
		{86E92AB9-CB5D-4FEE-9AA9-472889924738}.Debug|Win32.ActiveCfg = Debug|Win32
		{86E92AB9-CB5D-4FEE-9AA9-472889924738}.Debug|Win32.Build.0 = Debug|Win32
		{86E92AB9-CB5D-4FEE-9AA9-472889924738}.Debug|Win32.Deploy.0 = Debug|Win32
		{86E92AB9-CB5D-4FEE-9AA9-472889924738}.Debug|x64.ActiveCfg = Debug|x64
		{86E92AB9-CB5D-4FEE-9AA9-472889924738}.Debug|x64.Build.0 = Debug|x64
		{86E92AB9-CB5D-4FEE-9AA9-472889924738}.Debug|x64.Deploy.0 = Debug|x64
		{86E92AB9-CB5D-4FEE-9AA9-472889924738}.Release|Win32.ActiveCfg = Release|Win32
		{86E92AB9-CB5D-4FEE-9AA9-472889924738}.Release|Win32.Build.0 = Release|Win32
		{86E92AB9-CB5D-4FEE-9AA9-472889924738}.Release|Win32.Deploy.0 = Release|Win32
		{86E92AB9-CB5D-4FEE-9AA9-472889924738}.Release|x64.ActiveCfg = Release|x64
		{86E92AB9-CB5D-4FEE-9AA9-472889924738}.Release|x64.Build.0 = Release|x64
		{86E92AB9-CB5D-4FEE-9AA9-472889924738}.Release|x64.Deploy.0 = Release|x64
		{DECE4E3D-EA02-47F7-B084-74AE7F039AD2}.Debug|Win32.ActiveCfg = Debug|Win32
		{DECE4E3D-EA02-47F7-B084-74AE7F039AD2}.Debug|Win32.Build.0 = Debug|Win32
		{DECE4E3D-EA02-47F7-B084-74AE7F039AD2}.Debug|Win32.Deploy.0 = Debug|Win32
		{DECE4E3D-EA02-47F7-B084-74AE7F039AD2}.Debug|x64.ActiveCfg = Debug|x64
		{DECE4E3D-EA02-47F7-B084-74AE7F039AD2}.Debug|x64.Build.0 = Debug|x64
		{DECE4E3D-EA02-47F7-B084-74AE7F039AD2}.Debug|x64.Deploy.0 = Debug|x64
		{DECE4E3D-EA02-47F7-B084-74AE7F039AD2}.Release|Win32.ActiveCfg = Release|Win32
		{DECE4E3D-EA02-47F7-B084-74AE7F039AD2}.Release|Win32.Build.0 = Release|Win32
		{DECE4E3D-EA02-47F7-B084-74AE7F039AD2}.Release|Win32.Deploy.0 = Release|Win32
		{DECE4E3D-EA02-47F7-B084-74AE7F039AD2}.Release|x64.ActiveCfg = Release|x64
		{DECE4E3D-EA02-47F7-B084-74AE7F039AD2}.Release|x64.Build.0 = Release|x64
		{DECE4E3D-EA02-47F7-B084-74AE7F039AD2}.Release|x64.Deploy.0 = Release|x64
		{CFCC6407-7BB3-4E4F-8828-DF61964042D1}.Debug|Win32.ActiveCfg = Debug|Win32
		{CFCC6407-7BB3-4E4F-8828-DF61964042D1}.Debug|Win32.Build.0 = Debug|Win32
		{CFCC6407-7BB3-4E4F-8828-DF61964042D1}.Debug|Win32.Deploy.0 = Debug|Win32
		{CFCC6407-7BB3-4E4F-8828-DF61964042D1}.Debug|x64.ActiveCfg = Debug|x64
		{CFCC6407-7BB3-4E4F-8828-DF61964042D1}.Debug|x64.Build.0 = Debug|x64
		{CFCC6407-7BB3-4E4F-8828-DF61964042D1}.Debug|x64.Deploy.0 = Debug|x64
		{CFCC6407-7BB3-4E4F-8828-DF61964042D1}.Release|Win32.ActiveCfg = Release|Win32
		{CFCC6407-7BB3-4E4F-8828-DF61964042D1}.Release|Win32.Build.0 = Release|Win32
		{CFCC6407-7BB3-4E4F-8828-DF61964042D1}.Release|Win32.Deploy.0 = Release|Win32
		{CFCC6407-7BB3-4E4F-8828-DF61964042D1}.Release|x64.ActiveCfg = Release|x64
		{CFCC6407-7BB3-4E4F-8828-DF61964042D1}.Release|x64.Build.0 = Release|x64
		{CFCC6407-7BB3-4E4F-8828-DF61964042D1}.Release|x64.Deploy.0 = Release|x64
		{7BE5D2AA-A8DE-4909-A54D-0D6BF9AD7641}.Debug|Win32.ActiveCfg = Debug|Win32
		{7BE5D2AA-A8DE-4909-A54D-0D6BF9AD7641}.Debug|Win32.Build.0 = Debug|Win32
		{7BE5D2AA-A8DE-4909-A54D-0D6BF9AD7641}.Debug|Win32.Deploy.0 = Debug|Win32
		{7BE5D2AA-A8DE-4909-A54D-0D6BF9AD7641}.Debug|x64.ActiveCfg = Debug|x64
		{7BE5D2AA-A8DE-4909-A54D-0D6BF9AD7641}.Debug|x64.Build.0 = Debug|x64
		{7BE5D2AA-A8DE-4909-A54D-0D6BF9AD7641}.Debug|x64.Deploy.0 = Debug|x64
		{7BE5D2AA-A8DE-4909-A54D-0D6BF9AD7641}.Release|Win32.ActiveCfg = Release|Win32
		{7BE5D2AA-A8DE-4909-A54D-0D6BF9AD7641}.Release|Win32.Build.0 = Release|Win32
		{7BE5D2AA-A8DE-4909-A54D-0D6BF9AD7641}.Release|Win32.Deploy.0 = Release|Win32
		{7BE5D2AA-A8DE-4909-A54D-0D6BF9AD7641}.Release|x64.ActiveCfg = Release|x64
		{7BE5D2AA-A8DE-4909-A54D-0D6BF9AD7641}.Release|x64.Build.0 = Release|x64
		{7BE5D2AA-A8DE-4909-A54D-0D6BF9AD7641}.Release|x64.Deploy.0 = Release|x64
		{3308C9A8-A7DB-4A02-81D6-7D35898F113E}.Debug|Win32.ActiveCfg = Debug|Win32
		{3308C9A8-A7DB-4A02-81D6-7D35898F113E}.Debug|Win32.Build.0 = Debug|Win32
		{3308C9A8-A7DB-4A02-81D6-7D35898F113E}.Debug|Win32.Deploy.0 = Debug|Win32
		{3308C9A8-A7DB-4A02-81D6-7D35898F113E}.Debug|x64.ActiveCfg = Debug|x64
		{3308C9A8-A7DB-4A02-81D6-7D35898F113E}.Debug|x64.Build.0 = Debug|x64
		{3308C9A8-A7DB-4A02-81D6-7D35898F113E}.Debug|x64.Deploy.0 = Debug|x64
		{3308C9A8-A7DB-4A02-81D6-7D35898F113E}.Release|Win32.ActiveCfg = Release|Win32
		{3308C9A8-A7DB-4A02-81D6-7D35898F113E}.Release|Win32.Build.0 = Release|Win32
		{3308C9A8-A7DB-4A02-81D6-7D35898F113E}.Release|Win32.Deploy.0 = Release|Win32
		{3308C9A8-A7DB-4A02-81D6-7D35898F113E}.Release|x64.ActiveCfg = Release|x64
		{3308C9A8-A7DB-4A02-81D6-7D35898F113E}.Release|x64.Build.0 = Release|x64
		{3308C9A8-A7DB-4A02-81D6-7D35898F113E}.Release|x64.Deploy.0 = Release|x64
		{CBA9874E-49AE-4AE8-86AC-442F1CFF5205}.Debug|Win32.ActiveCfg = Debug|Win32
		{CBA9874E-49AE-4AE8-86AC-442F1CFF5205}.Debug|Win32.Build.0 = Debug|Win32
		{CBA9874E-49AE-4AE8-86AC-442F1CFF5205}.Debug|Win32.Deploy.0 = Debug|Win32
		{CBA9874E-49AE-4AE8-86AC-442F1CFF5205}.Debug|x64.ActiveCfg = Debug|x64
		{CBA9874E-49AE-4AE8-86AC-442F1CFF5205}.Debug|x64.Build.0 = Debug|x64
		{CBA9874E-49AE-4AE8-86AC-442F1CFF5205}.Debug|x64.Deploy.0 = Debug|x64
		{CBA9874E-49AE-4AE8-86AC-442F1CFF5205}.Release|Win32.ActiveCfg = Release|Win32
		{CBA9874E-49AE-4AE8-86AC-442F1CFF5205}.Release|Win32.Build.0 = Release|Win32
		{CBA9874E-49AE-4AE8-86AC-442F1CFF5205}.Release|Win32.Deploy.0 = Release|Win32
		{CBA9874E-49AE-4AE8-86AC-442F1CFF5205}.Release|x64.ActiveCfg = Release|x64
		{CBA9874E-49AE-4AE8-86AC-442F1CFF5205}.Release|x64.Build.0 = Release|x64
		{CBA9874E-49AE-4AE8-86AC-442F1CFF5205}.Release|x64.Deploy.0 = Release|x64
		{F66641E2-BBC7-4F92-8089-302F5D9A5EFF}.Debug|Win32.ActiveCfg = Debug|Win32
		{F66641E2-BBC7-4F92-8089-302F5D9A5EFF}.Debug|Win32.Build.0 = Debug|Win32
		{F66641E2-BBC7-4F92-8089-302F5D9A5EFF}.Debug|Win32.Deploy.0 = Debug|Win32
		{F66641E2-BBC7-4F92-8089-302F5D9A5EFF}.Debug|x64.ActiveCfg = Debug|x64
		{F66641E2-BBC7-4F92-8089-302F5D9A5EFF}.Debug|x64.Build.0 = Debug|x64
		{F66641E2-BBC7-4F92-8089-302F5D9A5EFF}.Debug|x64.Deploy.0 = Debug|x64
		{F66641E2-BBC7-4F92-8089-302F5D9A5EFF}.Release|Win32.ActiveCfg = Release|Win32
		{F66641E2-BBC7-4F92-8089-302F5D9A5EFF}.Release|Win32.Build.0 = Release|Win32
		{F66641E2-BBC7-4F92-8089-302F5D9A5EFF}.Release|Win32.Deploy.0 = Release|Win32
		{F66641E2-BBC7-4F92-8089-302F5D9A5EFF}.Release|x64.ActiveCfg = Release|x64
		{F66641E2-BBC7-4F92-8089-302F5D9A5EFF}.Release|x64.Build.0 = Release|x64
		{F66641E2-BBC7-4F92-8089-302F5D9A5EFF}.Release|x64.Deploy.0 = Release|x64
		{DEFD11BC-559F-48EB-B4D7-1900A232616F}.Debug|Win32.ActiveCfg = Debug|Win32
		{DEFD11BC-559F-48EB-B4D7-1900A232616F}.Debug|Win32.Build.0 = Debug|Win32
		{DEFD11BC-559F-48EB-B4D7-1900A232616F}.Debug|Win32.Deploy.0 = Debug|Win32
		{DEFD11BC-559F-48EB-B4D7-1900A232616F}.Debug|x64.ActiveCfg = Debug|x64
		{DEFD11BC-559F-48EB-B4D7-1900A232616F}.Debug|x64.Build.0 = Debug|x64
		{DEFD11BC-559F-48EB-B4D7-1900A232616F}.Debug|x64.Deploy.0 = Debug|x64
		{DEFD11BC-559F-48EB-B4D7-1900A232616F}.Release|Win32.ActiveCfg = Release|Win32
		{DEFD11BC-559F-48EB-B4D7-1900A232616F}.Release|Win32.Build.0 = Release|Win32
		{DEFD11BC-559F-48EB-B4D7-1900A232616F}.Release|Win32.Deploy.0 = Release|Win32
		{DEFD11BC-559F-48EB-B4D7-1900A232616F}.Release|x64.ActiveCfg = Release|x64
		{DEFD11BC-559F-48EB-B4D7-1900A232616F}.Release|x64.Build.0 = Release|x64
		{DEFD11BC-559F-48EB-B4D7-1900A232616F}.Release|x64.Deploy.0 = Release|x64
		{044E9CF2-EA0C-43CC-BA80-561667E3D261}.Debug|Win32.ActiveCfg = Debug|Win32
		{044E9CF2-EA0C-43CC-BA80-561667E3D261}.Debug|Win32.Build.0 = Debug|Win32
		{044E9CF2-EA0C-43CC-BA80-561667E3D261}.Debug|Win32.Deploy.0 = Debug|Win32
		{044E9CF2-EA0C-43CC-BA80-561667E3D261}.Debug|x64.ActiveCfg = Debug|x64
		{044E9CF2-EA0C-43CC-BA80-561667E3D261}.Debug|x64.Build.0 = Debug|x64
		{044E9CF2-EA0C-43CC-BA80-561667E3D261}.Debug|x64.Deploy.0 = Debug|x64
		{044E9CF2-EA0C-43CC-BA80-561667E3D261}.Release|Win32.ActiveCfg = Release|Win32
		{044E9CF2-EA0C-43CC-BA80-561667E3D261}.Release|Win32.Build.0 = Release|Win32
		{044E9CF2-EA0C-43CC-BA80-561667E3D261}.Release|Win32.Deploy.0 = Release|Win32
		{044E9CF2-EA0C-43CC-BA80-561667E3D261}.Release|x64.ActiveCfg = Release|x64
		{044E9CF2-EA0C-43CC-BA80-561667E3D261}.Release|x64.Build.0 = Release|x64
		{044E9CF2-EA0C-43CC-BA80-561667E3D261}.Release|x64.Deploy.0 = Release|x64
		{3EA879EA-E49E-489D-92AD-6E17BD76E0C2}.Debug|Win32.ActiveCfg = Debug|Win32
		{3EA879EA-E49E-489D-92AD-6E17BD76E0C2}.Debug|Win32.Build.0 = Debug|Win32
		{3EA879EA-E49E-489D-92AD-6E17BD76E0C2}.Debug|Win32.Deploy.0 = Debug|Win32
		{3EA879EA-E49E-489D-92AD-6E17BD76E0C2}.Debug|x64.ActiveCfg = Debug|x64
		{3EA879EA-E49E-489D-92AD-6E17BD76E0C2}.Debug|x64.Build.0 = Debug|x64
		{3EA879EA-E49E-489D-92AD-6E17BD76E0C2}.Debug|x64.Deploy.0 = Debug|x64
		{3EA879EA-E49E-489D-92AD-6E17BD76E0C2}.Release|Win32.ActiveCfg = Release|Win32
		{3EA879EA-E49E-489D-92AD-6E17BD76E0C2}.Release|Win32.Build.0 = Release|Win32
		{3EA879EA-E49E-489D-92AD-6E17BD76E0C2}.Release|Win32.Deploy.0 = Release|Win32
		{3EA879EA-E49E-489D-92AD-6E17BD76E0C2}.Release|x64.ActiveCfg = Release|x64
		{3EA879EA-E49E-489D-92AD-6E17BD76E0C2}.Release|x64.Build.0 = Release|x64
		{3EA879EA-E49E-489D-92AD-6E17BD76E0C2}.Release|x64.Deploy.0 = Release|x64
		{F0854DFB-9DFA-4DF9-950D-3385D7D88D93}.Debug|Win32.ActiveCfg = Debug|Win32
		{F0854DFB-9DFA-4DF9-950D-3385D7D88D93}.Debug|Win32.Build.0 = Debug|Win32
		{F0854DFB-9DFA-4DF9-950D-3385D7D88D93}.Debug|Win32.Deploy.0 = Debug|Win32
		{F0854DFB-9DFA-4DF9-950D-3385D7D88D93}.Debug|x64.ActiveCfg = Debug|x64
		{F0854DFB-9DFA-4DF9-950D-3385D7D88D93}.Debug|x64.Build.0 = Debug|x64
		{F0854DFB-9DFA-4DF9-950D-3385D7D88D93}.Debug|x64.Deploy.0 = Debug|x64
		{F0854DFB-9DFA-4DF9-950D-3385D7D88D93}.Release|Win32.ActiveCfg = Release|Win32
		{F0854DFB-9DFA-4DF9-950D-3385D7D88D93}.Release|Win32.Build.0 = Release|Win32
		{F0854DFB-9DFA-4DF9-950D-3385D7D88D93}.Release|Win32.Deploy.0 = Release|Win32
		{F0854DFB-9DFA-4DF9-950D-3385D7D88D93}.Release|x64.ActiveCfg = Release|x64
		{F0854DFB-9DFA-4DF9-950D-3385D7D88D93}.Release|x64.Build.0 = Release|x64
		{F0854DFB-9DFA-4DF9-950D-3385D7D88D93}.Release|x64.Deploy.0 = Release|x64
		{643A6C0E-DB00-43DA-A204-B43BE44E2FBA}.Debug|Win32.ActiveCfg = Debug|Win32
		{643A6C0E-DB00-43DA-A204-B43BE44E2FBA}.Debug|Win32.Build.0 = Debug|Win32
		{643A6C0E-DB00-43DA-A204-B43BE44E2FBA}.Debug|Win32.Deploy.0 = Debug|Win32
		{643A6C0E-DB00-43DA-A204-B43BE44E2FBA}.Debug|x64.ActiveCfg = Debug|x64
		{643A6C0E-DB00-43DA-A204-B43BE44E2FBA}.Debug|x64.Build.0 = Debug|x64
		{643A6C0E-DB00-43DA-A204-B43BE44E2FBA}.Debug|x64.Deploy.0 = Debug|x64
		{643A6C0E-DB00-43DA-A204-B43BE44E2FBA}.Release|Win32.ActiveCfg = Release|Win32
		{643A6C0E-DB00-43DA-A204-B43BE44E2FBA}.Release|Win32.Build.0 = Release|Win32
		{643A6C0E-DB00-43DA-A204-B43BE44E2FBA}.Release|Win32.Deploy.0 = Release|Win32
		{643A6C0E-DB00-43DA-A204-B43BE44E2FBA}.Release|x64.ActiveCfg = Release|x64
		{643A6C0E-DB00-43DA-A204-B43BE44E2FBA}.Release|x64.Build.0 = Release|x64
		{643A6C0E-DB00-43DA-A204-B43BE44E2FBA}.Release|x64.Deploy.0 = Release|x64
		{BAFA39A8-CEA8-4AE6-8E7C-78712DD0DDCF}.Debug|Win32.ActiveCfg = Debug|Win32
		{BAFA39A8-CEA8-4AE6-8E7C-78712DD0DDCF}.Debug|Win32.Build.0 = Debug|Win32
		{BAFA39A8-CEA8-4AE6-8E7C-78712DD0DDCF}.Debug|Win32.Deploy.0 = Debug|Win32
		{BAFA39A8-CEA8-4AE6-8E7C-78712DD0DDCF}.Debug|x64.ActiveCfg = Debug|x64
		{BAFA39A8-CEA8-4AE6-8E7C-78712DD0DDCF}.Debug|x64.Build.0 = Debug|x64
		{BAFA39A8-CEA8-4AE6-8E7C-78712DD0DDCF}.Debug|x64.Deploy.0 = Debug|x64
		{BAFA39A8-CEA8-4AE6-8E7C-78712DD0DDCF}.Release|Win32.ActiveCfg = Release|Win32
		{BAFA39A8-CEA8-4AE6-8E7C-78712DD0DDCF}.Release|Win32.Build.0 = Release|Win32
		{BAFA39A8-CEA8-4AE6-8E7C-78712DD0DDCF}.Release|Win32.Deploy.0 = Release|Win32
		{BAFA39A8-CEA8-4AE6-8E7C-78712DD0DDCF}.Release|x64.ActiveCfg = Release|x64
		{BAFA39A8-CEA8-4AE6-8E7C-78712DD0DDCF}.Release|x64.Build.0 = Release|x64
		{BAFA39A8-CEA8-4AE6-8E7C-78712DD0DDCF}.Release|x64.Deploy.0 = Release|x64
		{D9E6AD74-355E-40E3-A91C-8ECBCDD7957F}.Debug|Win32.ActiveCfg = Debug|Win32
		{D9E6AD74-355E-40E3-A91C-8ECBCDD7957F}.Debug|Win32.Build.0 = Debug|Win32
		{D9E6AD74-355E-40E3-A91C-8ECBCDD7957F}.Debug|Win32.Deploy.0 = Debug|Win32
		{D9E6AD74-355E-40E3-A91C-8ECBCDD7957F}.Debug|x64.ActiveCfg = Debug|x64
		{D9E6AD74-355E-40E3-A91C-8ECBCDD7957F}.Debug|x64.Build.0 = Debug|x64
		{D9E6AD74-355E-40E3-A91C-8ECBCDD7957F}.Debug|x64.Deploy.0 = Debug|x64
		{D9E6AD74-355E-40E3-A91C-8ECBCDD7957F}.Release|Win32.ActiveCfg = Release|Win32
		{D9E6AD74-355E-40E3-A91C-8ECBCDD7957F}.Release|Win32.Build.0 = Release|Win32
		{D9E6AD74-355E-40E3-A91C-8ECBCDD7957F}.Release|Win32.Deploy.0 = Release|Win32
		{D9E6AD74-355E-40E3-A91C-8ECBCDD7957F}.Release|x64.ActiveCfg = Release|x64
		{D9E6AD74-355E-40E3-A91C-8ECBCDD7957F}.Release|x64.Build.0 = Release|x64
		{D9E6AD74-355E-40E3-A91C-8ECBCDD7957F}.Release|x64.Deploy.0 = Release|x64
		{0E51D5E3-2509-4418-BD20-19127E379A49}.Debug|Win32.ActiveCfg = Debug|Win32
		{0E51D5E3-2509-4418-BD20-19127E379A49}.Debug|Win32.Build.0 = Debug|Win32
		{0E51D5E3-2509-4418-BD20-19127E379A49}.Debug|Win32.Deploy.0 = Debug|Win32
		{0E51D5E3-2509-4418-BD20-19127E379A49}.Debug|x64.ActiveCfg = Debug|x64
		{0E51D5E3-2509-4418-BD20-19127E379A49}.Debug|x64.Build.0 = Debug|x64
		{0E51D5E3-2509-4418-BD20-19127E379A49}.Debug|x64.Deploy.0 = Debug|x64
		{0E51D5E3-2509-4418-BD20-19127E379A49}.Release|Win32.ActiveCfg = Release|Win32
		{0E51D5E3-2509-4418-BD20-19127E379A49}.Release|Win32.Build.0 = Release|Win32
		{0E51D5E3-2509-4418-BD20-19127E379A49}.Release|Win32.Deploy.0 = Release|Win32
		{0E51D5E3-2509-4418-BD20-19127E379A49}.Release|x64.ActiveCfg = Release|x64
		{0E51D5E3-2509-4418-BD20-19127E379A49}.Release|x64.Build.0 = Release|x64
		{0E51D5E3-2509-4418-BD20-19127E379A49}.Release|x64.Deploy.0 = Release|x64
		{27511E02-063D-4F4D-A451-65E383D35515}.Debug|Win32.ActiveCfg = Debug|Win32
		{27511E02-063D-4F4D-A451-65E383D35515}.Debug|Win32.Build.0 = Debug|Win32
		{27511E02-063D-4F4D-A451-65E383D35515}.Debug|Win32.Deploy.0 = Debug|Win32
		{27511E02-063D-4F4D-A451-65E383D35515}.Debug|x64.ActiveCfg = Debug|x64
		{27511E02-063D-4F4D-A451-65E383D35515}.Debug|x64.Build.0 = Debug|x64
		{27511E02-063D-4F4D-A451-65E383D35515}.Debug|x64.Deploy.0 = Debug|x64
		{27511E02-063D-4F4D-A451-65E383D35515}.Release|Win32.ActiveCfg = Release|Win32
		{27511E02-063D-4F4D-A451-65E383D35515}.Release|Win32.Build.0 = Release|Win32
		{27511E02-063D-4F4D-A451-65E383D35515}.Release|Win32.Deploy.0 = Release|Win32
		{27511E02-063D-4F4D-A451-65E383D35515}.Release|x64.ActiveCfg = Release|x64
		{27511E02-063D-4F4D-A451-65E383D35515}.Release|x64.Build.0 = Release|x64
		{27511E02-063D-4F4D-A451-65E383D35515}.Release|x64.Deploy.0 = Release|x64
		{A66DE79E-E2E2-49CE-BF3B-4C75E5C7EF71}.Debug|Win32.ActiveCfg = Debug|Win32
		{A66DE79E-E2E2-49CE-BF3B-4C75E5C7EF71}.Debug|Win32.Build.0 = Debug|Win32
		{A66DE79E-E2E2-49CE-BF3B-4C75E5C7EF71}.Debug|Win32.Deploy.0 = Debug|Win32
		{A66DE79E-E2E2-49CE-BF3B-4C75E5C7EF71}.Debug|x64.ActiveCfg = Debug|x64
		{A66DE79E-E2E2-49CE-BF3B-4C75E5C7EF71}.Debug|x64.Build.0 = Debug|x64
		{A66DE79E-E2E2-49CE-BF3B-4C75E5C7EF71}.Debug|x64.Deploy.0 = Debug|x64
		{A66DE79E-E2E2-49CE-BF3B-4C75E5C7EF71}.Release|Win32.ActiveCfg = Release|Win32
		{A66DE79E-E2E2-49CE-BF3B-4C75E5C7EF71}.Release|Win32.Build.0 = Release|Win32
		{A66DE79E-E2E2-49CE-BF3B-4C75E5C7EF71}.Release|Win32.Deploy.0 = Release|Win32
		{A66DE79E-E2E2-49CE-BF3B-4C75E5C7EF71}.Release|x64.ActiveCfg = Release|x64
		{A66DE79E-E2E2-49CE-BF3B-4C75E5C7EF71}.Release|x64.Build.0 = Release|x64
		{A66DE79E-E2E2-49CE-BF3B-4C75E5C7EF71}.Release|x64.Deploy.0 = Release|x64
		{DF71F9AF-3DA0-4DB7-930E-714579EA77C1}.Debug|Win32.ActiveCfg = Debug|Win32
		{DF71F9AF-3DA0-4DB7-930E-714579EA77C1}.Debug|Win32.Build.0 = Debug|Win32
		{DF71F9AF-3DA0-4DB7-930E-714579EA77C1}.Debug|Win32.Deploy.0 = Debug|Win32
		{DF71F9AF-3DA0-4DB7-930E-714579EA77C1}.Debug|x64.ActiveCfg = Debug|x64
		{DF71F9AF-3DA0-4DB7-930E-714579EA77C1}.Debug|x64.Build.0 = Debug|x64
		{DF71F9AF-3DA0-4DB7-930E-714579EA77C1}.Debug|x64.Deploy.0 = Debug|x64
		{DF71F9AF-3DA0-4DB7-930E-714579EA77C1}.Release|Win32.ActiveCfg = Release|Win32
		{DF71F9AF-3DA0-4DB7-930E-714579EA77C1}.Release|Win32.Build.0 = Release|Win32
		{DF71F9AF-3DA0-4DB7-930E-714579EA77C1}.Release|Win32.Deploy.0 = Release|Win32
		{DF71F9AF-3DA0-4DB7-930E-714579EA77C1}.Release|x64.ActiveCfg = Release|x64
		{DF71F9AF-3DA0-4DB7-930E-714579EA77C1}.Release|x64.Build.0 = Release|x64
		{DF71F9AF-3DA0-4DB7-930E-714579EA77C1}.Release|x64.Deploy.0 = Release|x64
		{8F396984-41D7-4F2F-AA4F-41B5F992DA39}.Debug|Win32.ActiveCfg = Debug|Win32
		{8F396984-41D7-4F2F-AA4F-41B5F992DA39}.Debug|Win32.Build.0 = Debug|Win32
		{8F396984-41D7-4F2F-AA4F-41B5F992DA39}.Debug|Win32.Deploy.0 = Debug|Win32
		{8F396984-41D7-4F2F-AA4F-41B5F992DA39}.Debug|x64.ActiveCfg = Debug|x64
		{8F396984-41D7-4F2F-AA4F-41B5F992DA39}.Debug|x64.Build.0 = Debug|x64
		{8F396984-41D7-4F2F-AA4F-41B5F992DA39}.Debug|x64.Deploy.0 = Debug|x64
		{8F396984-41D7-4F2F-AA4F-41B5F992DA39}.Release|Win32.ActiveCfg = Release|Win32
		{8F396984-41D7-4F2F-AA4F-41B5F992DA39}.Release|Win32.Build.0 = Release|Win32
		{8F396984-41D7-4F2F-AA4F-41B5F992DA39}.Release|Win32.Deploy.0 = Release|Win32
		{8F396984-41D7-4F2F-AA4F-41B5F992DA39}.Release|x64.ActiveCfg = Release|x64
		{8F396984-41D7-4F2F-AA4F-41B5F992DA39}.Release|x64.Build.0 = Release|x64
		{8F396984-41D7-4F2F-AA4F-41B5F992DA39}.Release|x64.Deploy.0 = Release|x64
		{206A4762-B4F5-4C3D-9E5F-B066CBDB342A}.Debug|Win32.ActiveCfg = Debug|Win32
		{206A4762-B4F5-4C3D-9E5F-B066CBDB342A}.Debug|Win32.Build.0 = Debug|Win32
		{206A4762-B4F5-4C3D-9E5F-B066CBDB342A}.Debug|Win32.Deploy.0 = Debug|Win32
		{206A4762-B4F5-4C3D-9E5F-B066CBDB342A}.Debug|x64.ActiveCfg = Debug|x64
		{206A4762-B4F5-4C3D-9E5F-B066CBDB342A}.Debug|x64.Build.0 = Debug|x64
		{206A4762-B4F5-4C3D-9E5F-B066CBDB342A}.Debug|x64.Deploy.0 = Debug|x64
		{206A4762-B4F5-4C3D-9E5F-B066CBDB342A}.Release|Win32.ActiveCfg = Release|Win32
		{206A4762-B4F5-4C3D-9E5F-B066CBDB342A}.Release|Win32.Build.0 = Release|Win32
		{206A4762-B4F5-4C3D-9E5F-B066CBDB342A}.Release|Win32.Deploy.0 = Release|Win32
		{206A4762-B4F5-4C3D-9E5F-B066CBDB342A}.Release|x64.ActiveCfg = Release|x64
		{206A4762-B4F5-4C3D-9E5F-B066CBDB342A}.Release|x64.Build.0 = Release|x64
		{206A4762-B4F5-4C3D-9E5F-B066CBDB342A}.Release|x64.Deploy.0 = Release|x64
	EndGlobalSection
	GlobalSection(SolutionProperties) = preSolution
		HideSolutionNode = FALSE
	EndGlobalSection
EndGlobal
